github.com/JoshuaDoes/crunchio v0.0.0-20240826231645-d70f4a23de99 h1:l+IcwrmeMYrHeoiJSPvG1qsw1EDuVW7ttrxOf4QluY8=
github.com/JoshuaDoes/crunchio v0.0.0-20240826231645-d70f4a23de99/go.mod h1:Zk8lv1MlNNb5WpMcNSr8uBgleoE5G3PpXi6MD3JImOA=
github.com/JoshuaDoes/crunchio v0.0.0-20250119011959-490ea61bd358 h1:i/rwMsNxOmp3XPrj58mIa2OlAltr7kqUzWidtkdEYAM=
github.com/JoshuaDoes/crunchio v0.0.0-20250119011959-490ea61bd358/go.mod h1:Zk8lv1MlNNb5WpMcNSr8uBgleoE5G3PpXi6MD3JImOA=
github.com/JoshuaDoes/crunchio v0.0.0-20250119012423-b0cceb64328c h1:mMAU0cVKs2YmbR9RWGBmgsfMkoOgslC6rwIYyZCRNPw=
github.com/JoshuaDoes/crunchio v0.0.0-20250119012423-b0cceb64328c/go.mod h1:Zk8lv1MlNNb5WpMcNSr8uBgleoE5G3PpXi6MD3JImOA=
github.com/JoshuaDoes/crunchio v0.0.0-20250120020830-711f688465bc h1:bBr4e9V7buvresm0L13G1S4IUCN1FUkfeZmjoyyeVGc=
github.com/JoshuaDoes/crunchio v0.0.0-20250120020830-711f688465bc/go.mod h1:Zk8lv1MlNNb5WpMcNSr8uBgleoE5G3PpXi6MD3JImOA=
github.com/JoshuaDoes/ffmpeg v0.0.0-20250120020918-6c6ba8e3b908 h1:yykjpr8GmeWxnNDu0Bu2LZpAhCMg9YSV7cIEp+GEUDI=
github.com/JoshuaDoes/ffmpeg v0.0.0-20250120020918-6c6ba8e3b908/go.mod h1:8iHY2fjCxG0xxygV58yq4PFcJ8hZpDZR76SzxmuQ7ws=
github.com/spf13/pflag v1.0.5 h1:iy+VFUOCP1a+8yFto/drg2CJ5u0yRoB7fZw3DKv/JXA=
github.com/spf13/pflag v1.0.5/go.mod h1:McXfInJRrz4CZXVZOBLb0bTZqETkiAhM9Iw0y3An2Bg=
github.com/superwhiskers/crunch/v3 v3.5.7 h1:N9RLxaR65C36i26BUIpzPXGy2f6pQ7wisu2bawbKNqg=
github.com/superwhiskers/crunch/v3 v3.5.7/go.mod h1:4ub2EKgF1MAhTjoOCTU4b9uLMsAweHEa89aRrfAypXA=
