github.com/JoshuaDoes/crunchio v0.0.0-20240826231645-d70f4a23de99 h1:l+IcwrmeMYrHeoiJSPvG1qsw1EDuVW7ttrxOf4QluY8=
github.com/JoshuaDoes/crunchio v0.0.0-20240826231645-d70f4a23de99/go.mod h1:Zk8lv1MlNNb5WpMcNSr8uBgleoE5G3PpXi6MD3JImOA=
github.com/JoshuaDoes/crunchio v0.0.0-20250119011959-490ea61bd358 h1:i/rwMsNxOmp3XPrj58mIa2OlAltr7kqUzWidtkdEYAM=
github.com/JoshuaDoes/crunchio v0.0.0-20250119011959-490ea61bd358/go.mod h1:Zk8lv1MlNNb5WpMcNSr8uBgleoE5G3PpXi6MD3JImOA=
github.com/JoshuaDoes/crunchio v0.0.0-20250119012423-b0cceb64328c h1:mMAU0cVKs2YmbR9RWGBmgsfMkoOgslC6rwIYyZCRNPw=
github.com/JoshuaDoes/crunchio v0.0.0-20250119012423-b0cceb64328c/go.mod h1:Zk8lv1MlNNb5WpMcNSr8uBgleoE5G3PpXi6MD3JImOA=
github.com/JoshuaDoes/crunchio v0.0.0-20250120020830-711f688465bc h1:bBr4e9V7buvresm0L13G1S4IUCN1FUkfeZmjoyyeVGc=
github.com/JoshuaDoes/crunchio v0.0.0-20250120020830-711f688465bc/go.mod h1:Zk8lv1MlNNb5WpMcNSr8uBgleoE5G3PpXi6MD3JImOA=
github.com/JoshuaDoes/crunchio v0.0.1 h1:a6U//HAbum5WvHAPajlz4KaIkS9q3pxaFAkkJ0SdhPA=
github.com/JoshuaDoes/crunchio v0.0.1/go.mod h1:Zk8lv1MlNNb5WpMcNSr8uBgleoE5G3PpXi6MD3JImOA=
github.com/JoshuaDoes/crunchio v0.0.2-0.20250120031223-4b76002b4f84 h1:Q5DqPft9OY1F8yo7C+7V2oWceT0GnBo35dphIBEhNRg=
github.com/JoshuaDoes/crunchio v0.0.2-0.20250120031223-4b76002b4f84/go.mod h1:Zk8lv1MlNNb5WpMcNSr8uBgleoE5G3PpXi6MD3JImOA=
github.com/JoshuaDoes/ffmpeg v0.0.0-20250120020918-6c6ba8e3b908 h1:yykjpr8GmeWxnNDu0Bu2LZpAhCMg9YSV7cIEp+GEUDI=
github.com/JoshuaDoes/ffmpeg v0.0.0-20250120020918-6c6ba8e3b908/go.mod h1:8iHY2fjCxG0xxygV58yq4PFcJ8hZpDZR76SzxmuQ7ws=
github.com/JoshuaDoes/ffmpeg v0.0.3-0.20250120025011-450d8272da12 h1:wZZYdON8a2HnluHX5k9zZzlLDwKv8N2D1SCEnDeYgH4=
github.com/JoshuaDoes/ffmpeg v0.0.3-0.20250120025011-450d8272da12/go.mod h1:8iHY2fjCxG0xxygV58yq4PFcJ8hZpDZR76SzxmuQ7ws=
github.com/JoshuaDoes/ffmpeg v0.0.3-0.20250120025425-03e5f87c5008 h1:lDBoQso8O10gXFHwmG1URJDLrr2wFQv60157+GTgiIY=
github.com/JoshuaDoes/ffmpeg v0.0.3-0.20250120025425-03e5f87c5008/go.mod h1:8iHY2fjCxG0xxygV58yq4PFcJ8hZpDZR76SzxmuQ7ws=
github.com/JoshuaDoes/ffmpeg v0.0.3-0.20250120025908-1dccd77a9da5 h1:GE2tQVej8XZUJQ52ha8LLirAsnfmShUyC5MMitpI674=
github.com/JoshuaDoes/ffmpeg v0.0.3-0.20250120025908-1dccd77a9da5/go.mod h1:8iHY2fjCxG0xxygV58yq4PFcJ8hZpDZR76SzxmuQ7ws=
github.com/JoshuaDoes/ffmpeg v0.0.3-0.20250120031306-7eb02c718e0f h1:xOn4wyKvUR7HlK/oK42WMkNh3Z8MRu2We5/9anb0aoM=
github.com/JoshuaDoes/ffmpeg v0.0.3-0.20250120031306-7eb02c718e0f/go.mod h1:CLlvDnS/wFoeuj1yYyIYgJYHPMzk3M54VPKyqVgE/Pg=
github.com/JoshuaDoes/ffmpeg v0.0.4-0.20250120042219-7740bd701885 h1:kr4eUZf/A+7uRisuy6Csyqh2lb2Yh0rNgH48UGq0DE0=
github.com/JoshuaDoes/ffmpeg v0.0.4-0.20250120042219-7740bd701885/go.mod h1:DKdZh4EJy2VLlkjuq/ZDHz1p/l4sLhYgpuaDTmBxwog=
github.com/JoshuaDoes/ffmpeg v0.0.4-0.20250120042859-c68e653b3128 h1:RDXRaD/ROUw3TPftPY/2MZR9UB2PospiEfziY4suhwM=
github.com/JoshuaDoes/ffmpeg v0.0.4-0.20250120042859-c68e653b3128/go.mod h1:DKdZh4EJy2VLlkjuq/ZDHz1p/l4sLhYgpuaDTmBxwog=
github.com/spf13/pflag v1.0.5 h1:iy+VFUOCP1a+8yFto/drg2CJ5u0yRoB7fZw3DKv/JXA=
github.com/spf13/pflag v1.0.5/go.mod h1:McXfInJRrz4CZXVZOBLb0bTZqETkiAhM9Iw0y3An2Bg=
github.com/superwhiskers/crunch/v3 v3.5.7 h1:N9RLxaR65C36i26BUIpzPXGy2f6pQ7wisu2bawbKNqg=
github.com/superwhiskers/crunch/v3 v3.5.7/go.mod h1:4ub2EKgF1MAhTjoOCTU4b9uLMsAweHEa89aRrfAypXA=
